
Microsoft Visual Studio Solution File, Format Version 12.00
# Visual Studio 14
VisualStudioVersion = 14.0.23107.0
MinimumVisualStudioVersion = 10.0.40219.1
Project("{FAE04EC0-301F-11D3-BF4B-00C04F79EFBC}") = "DataStoreNode", "DataStoreNode\DataStoreNode.csproj", "{893F4EAD-916E-435E-B093-9837DA7FDC7E}"
EndProject
Project("{FAE04EC0-301F-11D3-BF4B-00C04F79EFBC}") = "LogSys", "..\Public\LogSys\LogSys\LogSys.csproj", "{7935F58E-9F5D-48F7-B915-C6A0F455165F}"
EndProject
Project("{FAE04EC0-301F-11D3-BF4B-00C04F79EFBC}") = "Messenger", "..\Public\Messenger\Messenger\Messenger.csproj", "{98BA0167-2BEB-4845-9926-50CB465C4FA6}"
EndProject
Project("{FAE04EC0-301F-11D3-BF4B-00C04F79EFBC}") = "DataStoreClient", "DataStoreClient\DataStoreClient.csproj", "{71ABA446-8737-4042-A18A-B6DAD57102BF}"
EndProject
Project("{FAE04EC0-301F-11D3-BF4B-00C04F79EFBC}") = "ServerCommon", "..\Public\Common\ServerCommon.csproj", "{8EAD2077-DE3A-435C-B770-09EFFE4153C1}"
EndProject
Project("{FAE04EC0-301F-11D3-BF4B-00C04F79EFBC}") = "Common", "..\Public\Common\Common.csproj", "{22D75E22-B35A-4204-9BFB-718D9AC84C02}"
EndProject
Global
	GlobalSection(SolutionConfigurationPlatforms) = preSolution
		Debug|Any CPU = Debug|Any CPU
		Debug|Mixed Platforms = Debug|Mixed Platforms
		Debug|Win32 = Debug|Win32
		Debug|x86 = Debug|x86
		Release|Any CPU = Release|Any CPU
		Release|Mixed Platforms = Release|Mixed Platforms
		Release|Win32 = Release|Win32
		Release|x86 = Release|x86
		UnityDebug|Any CPU = UnityDebug|Any CPU
		UnityDebug|Mixed Platforms = UnityDebug|Mixed Platforms
		UnityDebug|Win32 = UnityDebug|Win32
		UnityDebug|x86 = UnityDebug|x86
		UnrealDebug|Any CPU = UnrealDebug|Any CPU
		UnrealDebug|Mixed Platforms = UnrealDebug|Mixed Platforms
		UnrealDebug|Win32 = UnrealDebug|Win32
		UnrealDebug|x86 = UnrealDebug|x86
	EndGlobalSection
	GlobalSection(ProjectConfigurationPlatforms) = postSolution
		{893F4EAD-916E-435E-B093-9837DA7FDC7E}.Debug|Any CPU.ActiveCfg = Debug|Any CPU
		{893F4EAD-916E-435E-B093-9837DA7FDC7E}.Debug|Any CPU.Build.0 = Debug|Any CPU
		{893F4EAD-916E-435E-B093-9837DA7FDC7E}.Debug|Mixed Platforms.ActiveCfg = Debug|Any CPU
		{893F4EAD-916E-435E-B093-9837DA7FDC7E}.Debug|Mixed Platforms.Build.0 = Debug|Any CPU
		{893F4EAD-916E-435E-B093-9837DA7FDC7E}.Debug|Win32.ActiveCfg = Debug|Any CPU
		{893F4EAD-916E-435E-B093-9837DA7FDC7E}.Debug|x86.ActiveCfg = Debug|Any CPU
		{893F4EAD-916E-435E-B093-9837DA7FDC7E}.Debug|x86.Build.0 = Debug|Any CPU
		{893F4EAD-916E-435E-B093-9837DA7FDC7E}.Release|Any CPU.ActiveCfg = Release|Any CPU
		{893F4EAD-916E-435E-B093-9837DA7FDC7E}.Release|Any CPU.Build.0 = Release|Any CPU
		{893F4EAD-916E-435E-B093-9837DA7FDC7E}.Release|Mixed Platforms.ActiveCfg = Release|Any CPU
		{893F4EAD-916E-435E-B093-9837DA7FDC7E}.Release|Mixed Platforms.Build.0 = Release|Any CPU
		{893F4EAD-916E-435E-B093-9837DA7FDC7E}.Release|Win32.ActiveCfg = Release|Any CPU
		{893F4EAD-916E-435E-B093-9837DA7FDC7E}.Release|x86.ActiveCfg = Release|Any CPU
		{893F4EAD-916E-435E-B093-9837DA7FDC7E}.UnityDebug|Any CPU.ActiveCfg = Debug|Any CPU
		{893F4EAD-916E-435E-B093-9837DA7FDC7E}.UnityDebug|Any CPU.Build.0 = Debug|Any CPU
		{893F4EAD-916E-435E-B093-9837DA7FDC7E}.UnityDebug|Mixed Platforms.ActiveCfg = Debug|Any CPU
		{893F4EAD-916E-435E-B093-9837DA7FDC7E}.UnityDebug|Mixed Platforms.Build.0 = Debug|Any CPU
		{893F4EAD-916E-435E-B093-9837DA7FDC7E}.UnityDebug|Win32.ActiveCfg = Debug|Any CPU
		{893F4EAD-916E-435E-B093-9837DA7FDC7E}.UnityDebug|Win32.Build.0 = Debug|Any CPU
		{893F4EAD-916E-435E-B093-9837DA7FDC7E}.UnityDebug|x86.ActiveCfg = Debug|Any CPU
		{893F4EAD-916E-435E-B093-9837DA7FDC7E}.UnityDebug|x86.Build.0 = Debug|Any CPU
		{893F4EAD-916E-435E-B093-9837DA7FDC7E}.UnrealDebug|Any CPU.ActiveCfg = Debug|Any CPU
		{893F4EAD-916E-435E-B093-9837DA7FDC7E}.UnrealDebug|Any CPU.Build.0 = Debug|Any CPU
		{893F4EAD-916E-435E-B093-9837DA7FDC7E}.UnrealDebug|Mixed Platforms.ActiveCfg = Debug|Any CPU
		{893F4EAD-916E-435E-B093-9837DA7FDC7E}.UnrealDebug|Mixed Platforms.Build.0 = Debug|Any CPU
		{893F4EAD-916E-435E-B093-9837DA7FDC7E}.UnrealDebug|Win32.ActiveCfg = Debug|Any CPU
		{893F4EAD-916E-435E-B093-9837DA7FDC7E}.UnrealDebug|Win32.Build.0 = Debug|Any CPU
		{893F4EAD-916E-435E-B093-9837DA7FDC7E}.UnrealDebug|x86.ActiveCfg = Debug|Any CPU
		{893F4EAD-916E-435E-B093-9837DA7FDC7E}.UnrealDebug|x86.Build.0 = Debug|Any CPU
		{7935F58E-9F5D-48F7-B915-C6A0F455165F}.Debug|Any CPU.ActiveCfg = Debug|Any CPU
		{7935F58E-9F5D-48F7-B915-C6A0F455165F}.Debug|Any CPU.Build.0 = Debug|Any CPU
		{7935F58E-9F5D-48F7-B915-C6A0F455165F}.Debug|Mixed Platforms.ActiveCfg = Debug|Any CPU
		{7935F58E-9F5D-48F7-B915-C6A0F455165F}.Debug|Mixed Platforms.Build.0 = Debug|Any CPU
		{7935F58E-9F5D-48F7-B915-C6A0F455165F}.Debug|Win32.ActiveCfg = Debug|Any CPU
		{7935F58E-9F5D-48F7-B915-C6A0F455165F}.Debug|x86.ActiveCfg = Debug|Any CPU
		{7935F58E-9F5D-48F7-B915-C6A0F455165F}.Debug|x86.Build.0 = Debug|Any CPU
		{7935F58E-9F5D-48F7-B915-C6A0F455165F}.Release|Any CPU.ActiveCfg = Release|Any CPU
		{7935F58E-9F5D-48F7-B915-C6A0F455165F}.Release|Any CPU.Build.0 = Release|Any CPU
		{7935F58E-9F5D-48F7-B915-C6A0F455165F}.Release|Mixed Platforms.ActiveCfg = Release|Any CPU
		{7935F58E-9F5D-48F7-B915-C6A0F455165F}.Release|Mixed Platforms.Build.0 = Release|Any CPU
		{7935F58E-9F5D-48F7-B915-C6A0F455165F}.Release|Win32.ActiveCfg = Release|Any CPU
		{7935F58E-9F5D-48F7-B915-C6A0F455165F}.Release|x86.ActiveCfg = Release|Any CPU
		{7935F58E-9F5D-48F7-B915-C6A0F455165F}.UnityDebug|Any CPU.ActiveCfg = Debug|Any CPU
		{7935F58E-9F5D-48F7-B915-C6A0F455165F}.UnityDebug|Any CPU.Build.0 = Debug|Any CPU
		{7935F58E-9F5D-48F7-B915-C6A0F455165F}.UnityDebug|Mixed Platforms.ActiveCfg = Debug|Any CPU
		{7935F58E-9F5D-48F7-B915-C6A0F455165F}.UnityDebug|Mixed Platforms.Build.0 = Debug|Any CPU
		{7935F58E-9F5D-48F7-B915-C6A0F455165F}.UnityDebug|Win32.ActiveCfg = Debug|Any CPU
		{7935F58E-9F5D-48F7-B915-C6A0F455165F}.UnityDebug|Win32.Build.0 = Debug|Any CPU
		{7935F58E-9F5D-48F7-B915-C6A0F455165F}.UnityDebug|x86.ActiveCfg = Debug|Any CPU
		{7935F58E-9F5D-48F7-B915-C6A0F455165F}.UnityDebug|x86.Build.0 = Debug|Any CPU
		{7935F58E-9F5D-48F7-B915-C6A0F455165F}.UnrealDebug|Any CPU.ActiveCfg = Debug|Any CPU
		{7935F58E-9F5D-48F7-B915-C6A0F455165F}.UnrealDebug|Any CPU.Build.0 = Debug|Any CPU
		{7935F58E-9F5D-48F7-B915-C6A0F455165F}.UnrealDebug|Mixed Platforms.ActiveCfg = Debug|Any CPU
		{7935F58E-9F5D-48F7-B915-C6A0F455165F}.UnrealDebug|Mixed Platforms.Build.0 = Debug|Any CPU
		{7935F58E-9F5D-48F7-B915-C6A0F455165F}.UnrealDebug|Win32.ActiveCfg = Debug|Any CPU
		{7935F58E-9F5D-48F7-B915-C6A0F455165F}.UnrealDebug|Win32.Build.0 = Debug|Any CPU
		{7935F58E-9F5D-48F7-B915-C6A0F455165F}.UnrealDebug|x86.ActiveCfg = Debug|Any CPU
		{7935F58E-9F5D-48F7-B915-C6A0F455165F}.UnrealDebug|x86.Build.0 = Debug|Any CPU
		{98BA0167-2BEB-4845-9926-50CB465C4FA6}.Debug|Any CPU.ActiveCfg = Debug|x86
		{98BA0167-2BEB-4845-9926-50CB465C4FA6}.Debug|Mixed Platforms.ActiveCfg = Debug|x86
		{98BA0167-2BEB-4845-9926-50CB465C4FA6}.Debug|Mixed Platforms.Build.0 = Debug|x86
		{98BA0167-2BEB-4845-9926-50CB465C4FA6}.Debug|Win32.ActiveCfg = Debug|x86
		{98BA0167-2BEB-4845-9926-50CB465C4FA6}.Debug|x86.ActiveCfg = Debug|x86
		{98BA0167-2BEB-4845-9926-50CB465C4FA6}.Debug|x86.Build.0 = Debug|x86
		{98BA0167-2BEB-4845-9926-50CB465C4FA6}.Release|Any CPU.ActiveCfg = Release|x86
		{98BA0167-2BEB-4845-9926-50CB465C4FA6}.Release|Mixed Platforms.ActiveCfg = Release|x86
		{98BA0167-2BEB-4845-9926-50CB465C4FA6}.Release|Mixed Platforms.Build.0 = Release|x86
		{98BA0167-2BEB-4845-9926-50CB465C4FA6}.Release|Win32.ActiveCfg = Release|x86
		{98BA0167-2BEB-4845-9926-50CB465C4FA6}.Release|x86.ActiveCfg = Release|x86
		{98BA0167-2BEB-4845-9926-50CB465C4FA6}.Release|x86.Build.0 = Release|x86
		{98BA0167-2BEB-4845-9926-50CB465C4FA6}.UnityDebug|Any CPU.ActiveCfg = Release|x86
		{98BA0167-2BEB-4845-9926-50CB465C4FA6}.UnityDebug|Any CPU.Build.0 = Release|x86
		{98BA0167-2BEB-4845-9926-50CB465C4FA6}.UnityDebug|Mixed Platforms.ActiveCfg = Debug|x86
		{98BA0167-2BEB-4845-9926-50CB465C4FA6}.UnityDebug|Mixed Platforms.Build.0 = Debug|x86
		{98BA0167-2BEB-4845-9926-50CB465C4FA6}.UnityDebug|Win32.ActiveCfg = Debug|x86
		{98BA0167-2BEB-4845-9926-50CB465C4FA6}.UnityDebug|Win32.Build.0 = Debug|x86
		{98BA0167-2BEB-4845-9926-50CB465C4FA6}.UnityDebug|x86.ActiveCfg = Debug|x86
		{98BA0167-2BEB-4845-9926-50CB465C4FA6}.UnityDebug|x86.Build.0 = Debug|x86
		{98BA0167-2BEB-4845-9926-50CB465C4FA6}.UnrealDebug|Any CPU.ActiveCfg = Release|x86
		{98BA0167-2BEB-4845-9926-50CB465C4FA6}.UnrealDebug|Any CPU.Build.0 = Release|x86
		{98BA0167-2BEB-4845-9926-50CB465C4FA6}.UnrealDebug|Mixed Platforms.ActiveCfg = Debug|x86
		{98BA0167-2BEB-4845-9926-50CB465C4FA6}.UnrealDebug|Mixed Platforms.Build.0 = Debug|x86
		{98BA0167-2BEB-4845-9926-50CB465C4FA6}.UnrealDebug|Win32.ActiveCfg = Debug|x86
		{98BA0167-2BEB-4845-9926-50CB465C4FA6}.UnrealDebug|Win32.Build.0 = Debug|x86
		{98BA0167-2BEB-4845-9926-50CB465C4FA6}.UnrealDebug|x86.ActiveCfg = Debug|x86
		{98BA0167-2BEB-4845-9926-50CB465C4FA6}.UnrealDebug|x86.Build.0 = Debug|x86
		{71ABA446-8737-4042-A18A-B6DAD57102BF}.Debug|Any CPU.ActiveCfg = Debug|Any CPU
		{71ABA446-8737-4042-A18A-B6DAD57102BF}.Debug|Any CPU.Build.0 = Debug|Any CPU
		{71ABA446-8737-4042-A18A-B6DAD57102BF}.Debug|Mixed Platforms.ActiveCfg = Debug|Any CPU
		{71ABA446-8737-4042-A18A-B6DAD57102BF}.Debug|Mixed Platforms.Build.0 = Debug|Any CPU
		{71ABA446-8737-4042-A18A-B6DAD57102BF}.Debug|Win32.ActiveCfg = Debug|Any CPU
		{71ABA446-8737-4042-A18A-B6DAD57102BF}.Debug|x86.ActiveCfg = Debug|Any CPU
		{71ABA446-8737-4042-A18A-B6DAD57102BF}.Debug|x86.Build.0 = Debug|Any CPU
		{71ABA446-8737-4042-A18A-B6DAD57102BF}.Release|Any CPU.ActiveCfg = Release|Any CPU
		{71ABA446-8737-4042-A18A-B6DAD57102BF}.Release|Any CPU.Build.0 = Release|Any CPU
		{71ABA446-8737-4042-A18A-B6DAD57102BF}.Release|Mixed Platforms.ActiveCfg = Release|Any CPU
		{71ABA446-8737-4042-A18A-B6DAD57102BF}.Release|Mixed Platforms.Build.0 = Release|Any CPU
		{71ABA446-8737-4042-A18A-B6DAD57102BF}.Release|Win32.ActiveCfg = Release|Any CPU
		{71ABA446-8737-4042-A18A-B6DAD57102BF}.Release|x86.ActiveCfg = Release|Any CPU
		{71ABA446-8737-4042-A18A-B6DAD57102BF}.UnityDebug|Any CPU.ActiveCfg = Debug|Any CPU
		{71ABA446-8737-4042-A18A-B6DAD57102BF}.UnityDebug|Any CPU.Build.0 = Debug|Any CPU
		{71ABA446-8737-4042-A18A-B6DAD57102BF}.UnityDebug|Mixed Platforms.ActiveCfg = Debug|Any CPU
		{71ABA446-8737-4042-A18A-B6DAD57102BF}.UnityDebug|Mixed Platforms.Build.0 = Debug|Any CPU
		{71ABA446-8737-4042-A18A-B6DAD57102BF}.UnityDebug|Win32.ActiveCfg = Debug|Any CPU
		{71ABA446-8737-4042-A18A-B6DAD57102BF}.UnityDebug|Win32.Build.0 = Debug|Any CPU
		{71ABA446-8737-4042-A18A-B6DAD57102BF}.UnityDebug|x86.ActiveCfg = Debug|Any CPU
		{71ABA446-8737-4042-A18A-B6DAD57102BF}.UnityDebug|x86.Build.0 = Debug|Any CPU
		{71ABA446-8737-4042-A18A-B6DAD57102BF}.UnrealDebug|Any CPU.ActiveCfg = Debug|Any CPU
		{71ABA446-8737-4042-A18A-B6DAD57102BF}.UnrealDebug|Any CPU.Build.0 = Debug|Any CPU
		{71ABA446-8737-4042-A18A-B6DAD57102BF}.UnrealDebug|Mixed Platforms.ActiveCfg = Debug|Any CPU
		{71ABA446-8737-4042-A18A-B6DAD57102BF}.UnrealDebug|Mixed Platforms.Build.0 = Debug|Any CPU
		{71ABA446-8737-4042-A18A-B6DAD57102BF}.UnrealDebug|Win32.ActiveCfg = Debug|Any CPU
		{71ABA446-8737-4042-A18A-B6DAD57102BF}.UnrealDebug|Win32.Build.0 = Debug|Any CPU
		{71ABA446-8737-4042-A18A-B6DAD57102BF}.UnrealDebug|x86.ActiveCfg = Debug|Any CPU
		{71ABA446-8737-4042-A18A-B6DAD57102BF}.UnrealDebug|x86.Build.0 = Debug|Any CPU
		{8EAD2077-DE3A-435C-B770-09EFFE4153C1}.Debug|Any CPU.ActiveCfg = Debug|Any CPU
		{8EAD2077-DE3A-435C-B770-09EFFE4153C1}.Debug|Any CPU.Build.0 = Debug|Any CPU
		{8EAD2077-DE3A-435C-B770-09EFFE4153C1}.Debug|Mixed Platforms.ActiveCfg = Debug|Any CPU
		{8EAD2077-DE3A-435C-B770-09EFFE4153C1}.Debug|Mixed Platforms.Build.0 = Debug|Any CPU
		{8EAD2077-DE3A-435C-B770-09EFFE4153C1}.Debug|Win32.ActiveCfg = Debug|Any CPU
		{8EAD2077-DE3A-435C-B770-09EFFE4153C1}.Debug|x86.ActiveCfg = Debug|Any CPU
		{8EAD2077-DE3A-435C-B770-09EFFE4153C1}.Release|Any CPU.ActiveCfg = Release|Any CPU
		{8EAD2077-DE3A-435C-B770-09EFFE4153C1}.Release|Any CPU.Build.0 = Release|Any CPU
		{8EAD2077-DE3A-435C-B770-09EFFE4153C1}.Release|Mixed Platforms.ActiveCfg = Release|Any CPU
		{8EAD2077-DE3A-435C-B770-09EFFE4153C1}.Release|Mixed Platforms.Build.0 = Release|Any CPU
		{8EAD2077-DE3A-435C-B770-09EFFE4153C1}.Release|Win32.ActiveCfg = Release|Any CPU
		{8EAD2077-DE3A-435C-B770-09EFFE4153C1}.Release|x86.ActiveCfg = Release|Any CPU
		{8EAD2077-DE3A-435C-B770-09EFFE4153C1}.UnityDebug|Any CPU.ActiveCfg = Debug|Any CPU
		{8EAD2077-DE3A-435C-B770-09EFFE4153C1}.UnityDebug|Any CPU.Build.0 = Debug|Any CPU
		{8EAD2077-DE3A-435C-B770-09EFFE4153C1}.UnityDebug|Mixed Platforms.ActiveCfg = Debug|Any CPU
		{8EAD2077-DE3A-435C-B770-09EFFE4153C1}.UnityDebug|Mixed Platforms.Build.0 = Debug|Any CPU
		{8EAD2077-DE3A-435C-B770-09EFFE4153C1}.UnityDebug|Win32.ActiveCfg = Debug|Any CPU
		{8EAD2077-DE3A-435C-B770-09EFFE4153C1}.UnityDebug|Win32.Build.0 = Debug|Any CPU
		{8EAD2077-DE3A-435C-B770-09EFFE4153C1}.UnityDebug|x86.ActiveCfg = Debug|Any CPU
		{8EAD2077-DE3A-435C-B770-09EFFE4153C1}.UnityDebug|x86.Build.0 = Debug|Any CPU
		{8EAD2077-DE3A-435C-B770-09EFFE4153C1}.UnrealDebug|Any CPU.ActiveCfg = Debug|Any CPU
		{8EAD2077-DE3A-435C-B770-09EFFE4153C1}.UnrealDebug|Any CPU.Build.0 = Debug|Any CPU
		{8EAD2077-DE3A-435C-B770-09EFFE4153C1}.UnrealDebug|Mixed Platforms.ActiveCfg = Debug|Any CPU
		{8EAD2077-DE3A-435C-B770-09EFFE4153C1}.UnrealDebug|Mixed Platforms.Build.0 = Debug|Any CPU
		{8EAD2077-DE3A-435C-B770-09EFFE4153C1}.UnrealDebug|Win32.ActiveCfg = Debug|Any CPU
		{8EAD2077-DE3A-435C-B770-09EFFE4153C1}.UnrealDebug|Win32.Build.0 = Debug|Any CPU
		{8EAD2077-DE3A-435C-B770-09EFFE4153C1}.UnrealDebug|x86.ActiveCfg = Debug|Any CPU
		{8EAD2077-DE3A-435C-B770-09EFFE4153C1}.UnrealDebug|x86.Build.0 = Debug|Any CPU
		{22D75E22-B35A-4204-9BFB-718D9AC84C02}.Debug|Any CPU.ActiveCfg = Debug|Any CPU
		{22D75E22-B35A-4204-9BFB-718D9AC84C02}.Debug|Any CPU.Build.0 = Debug|Any CPU
		{22D75E22-B35A-4204-9BFB-718D9AC84C02}.Debug|Mixed Platforms.ActiveCfg = Debug|Any CPU
		{22D75E22-B35A-4204-9BFB-718D9AC84C02}.Debug|Mixed Platforms.Build.0 = Debug|Any CPU
		{22D75E22-B35A-4204-9BFB-718D9AC84C02}.Debug|Win32.ActiveCfg = Debug|Any CPU
		{22D75E22-B35A-4204-9BFB-718D9AC84C02}.Debug|Win32.Build.0 = Debug|Any CPU
		{22D75E22-B35A-4204-9BFB-718D9AC84C02}.Debug|x86.ActiveCfg = Debug|Any CPU
		{22D75E22-B35A-4204-9BFB-718D9AC84C02}.Debug|x86.Build.0 = Debug|Any CPU
		{22D75E22-B35A-4204-9BFB-718D9AC84C02}.Release|Any CPU.ActiveCfg = Debug|Any CPU
		{22D75E22-B35A-4204-9BFB-718D9AC84C02}.Release|Any CPU.Build.0 = Debug|Any CPU
		{22D75E22-B35A-4204-9BFB-718D9AC84C02}.Release|Mixed Platforms.ActiveCfg = Debug|Any CPU
		{22D75E22-B35A-4204-9BFB-718D9AC84C02}.Release|Mixed Platforms.Build.0 = Debug|Any CPU
		{22D75E22-B35A-4204-9BFB-718D9AC84C02}.Release|Win32.ActiveCfg = Debug|Any CPU
		{22D75E22-B35A-4204-9BFB-718D9AC84C02}.Release|Win32.Build.0 = Debug|Any CPU
		{22D75E22-B35A-4204-9BFB-718D9AC84C02}.Release|x86.ActiveCfg = Debug|Any CPU
		{22D75E22-B35A-4204-9BFB-718D9AC84C02}.Release|x86.Build.0 = Debug|Any CPU
		{22D75E22-B35A-4204-9BFB-718D9AC84C02}.UnityDebug|Any CPU.ActiveCfg = UnityDebug|Any CPU
		{22D75E22-B35A-4204-9BFB-718D9AC84C02}.UnityDebug|Any CPU.Build.0 = UnityDebug|Any CPU
		{22D75E22-B35A-4204-9BFB-718D9AC84C02}.UnityDebug|Mixed Platforms.ActiveCfg = UnityDebug|Any CPU
		{22D75E22-B35A-4204-9BFB-718D9AC84C02}.UnityDebug|Mixed Platforms.Build.0 = UnityDebug|Any CPU
		{22D75E22-B35A-4204-9BFB-718D9AC84C02}.UnityDebug|Win32.ActiveCfg = UnityDebug|Any CPU
		{22D75E22-B35A-4204-9BFB-718D9AC84C02}.UnityDebug|Win32.Build.0 = UnityDebug|Any CPU
		{22D75E22-B35A-4204-9BFB-718D9AC84C02}.UnityDebug|x86.ActiveCfg = UnityDebug|Any CPU
		{22D75E22-B35A-4204-9BFB-718D9AC84C02}.UnityDebug|x86.Build.0 = UnityDebug|Any CPU
		{22D75E22-B35A-4204-9BFB-718D9AC84C02}.UnrealDebug|Any CPU.ActiveCfg = UnrealDebug|Any CPU
		{22D75E22-B35A-4204-9BFB-718D9AC84C02}.UnrealDebug|Any CPU.Build.0 = UnrealDebug|Any CPU
		{22D75E22-B35A-4204-9BFB-718D9AC84C02}.UnrealDebug|Mixed Platforms.ActiveCfg = UnrealDebug|Any CPU
		{22D75E22-B35A-4204-9BFB-718D9AC84C02}.UnrealDebug|Mixed Platforms.Build.0 = UnrealDebug|Any CPU
		{22D75E22-B35A-4204-9BFB-718D9AC84C02}.UnrealDebug|Win32.ActiveCfg = UnrealDebug|Any CPU
		{22D75E22-B35A-4204-9BFB-718D9AC84C02}.UnrealDebug|Win32.Build.0 = UnrealDebug|Any CPU
		{22D75E22-B35A-4204-9BFB-718D9AC84C02}.UnrealDebug|x86.ActiveCfg = UnrealDebug|Any CPU
		{22D75E22-B35A-4204-9BFB-718D9AC84C02}.UnrealDebug|x86.Build.0 = UnrealDebug|Any CPU
	EndGlobalSection
	GlobalSection(SolutionProperties) = preSolution
		HideSolutionNode = FALSE
	EndGlobalSection
	GlobalSection(MonoDevelopProperties) = preSolution
		StartupItem = DataStoreNode\DataStoreNode.csproj
	EndGlobalSection
EndGlobal
