
Microsoft Visual Studio Solution File, Format Version 12.00
# Visual Studio 14
VisualStudioVersion = 14.0.25420.1
MinimumVisualStudioVersion = 10.0.40219.1
Project("{FAE04EC0-301F-11D3-BF4B-00C04F79EFBC}") = "Lobby", "Lobby.csproj", "{A8EE9594-519A-4569-A517-7A13F856E08E}"
EndProject
Project("{FAE04EC0-301F-11D3-BF4B-00C04F79EFBC}") = "GmServer", "..\GmServer\GmServer.csproj", "{E0F7BA19-6F37-4FF1-B607-10695D4538A8}"
EndProject
Global
	GlobalSection(SolutionConfigurationPlatforms) = preSolution
		Debug|Any CPU = Debug|Any CPU
		Debug|Mixed Platforms = Debug|Mixed Platforms
		Debug|x86 = Debug|x86
		Release|Any CPU = Release|Any CPU
		Release|Mixed Platforms = Release|Mixed Platforms
		Release|x86 = Release|x86
		UnityDebug|Any CPU = UnityDebug|Any CPU
		UnityDebug|Mixed Platforms = UnityDebug|Mixed Platforms
		UnityDebug|x86 = UnityDebug|x86
		UnrealDebug|Any CPU = UnrealDebug|Any CPU
		UnrealDebug|Mixed Platforms = UnrealDebug|Mixed Platforms
		UnrealDebug|x86 = UnrealDebug|x86
	EndGlobalSection
	GlobalSection(ProjectConfigurationPlatforms) = postSolution
		{A8EE9594-519A-4569-A517-7A13F856E08E}.Debug|Any CPU.ActiveCfg = Debug|Any CPU
		{A8EE9594-519A-4569-A517-7A13F856E08E}.Debug|Any CPU.Build.0 = Debug|Any CPU
		{A8EE9594-519A-4569-A517-7A13F856E08E}.Debug|Mixed Platforms.ActiveCfg = Debug|Any CPU
		{A8EE9594-519A-4569-A517-7A13F856E08E}.Debug|Mixed Platforms.Build.0 = Debug|Any CPU
		{A8EE9594-519A-4569-A517-7A13F856E08E}.Debug|x86.ActiveCfg = Debug|Any CPU
		{A8EE9594-519A-4569-A517-7A13F856E08E}.Release|Any CPU.ActiveCfg = Release|Any CPU
		{A8EE9594-519A-4569-A517-7A13F856E08E}.Release|Any CPU.Build.0 = Release|Any CPU
		{A8EE9594-519A-4569-A517-7A13F856E08E}.Release|Mixed Platforms.ActiveCfg = Release|Any CPU
		{A8EE9594-519A-4569-A517-7A13F856E08E}.Release|Mixed Platforms.Build.0 = Release|Any CPU
		{A8EE9594-519A-4569-A517-7A13F856E08E}.Release|x86.ActiveCfg = Release|Any CPU
		{A8EE9594-519A-4569-A517-7A13F856E08E}.UnityDebug|Any CPU.ActiveCfg = Debug|Any CPU
		{A8EE9594-519A-4569-A517-7A13F856E08E}.UnityDebug|Any CPU.Build.0 = Debug|Any CPU
		{A8EE9594-519A-4569-A517-7A13F856E08E}.UnityDebug|Mixed Platforms.ActiveCfg = Debug|Any CPU
		{A8EE9594-519A-4569-A517-7A13F856E08E}.UnityDebug|Mixed Platforms.Build.0 = Debug|Any CPU
		{A8EE9594-519A-4569-A517-7A13F856E08E}.UnityDebug|x86.ActiveCfg = Debug|Any CPU
		{A8EE9594-519A-4569-A517-7A13F856E08E}.UnityDebug|x86.Build.0 = Debug|Any CPU
		{A8EE9594-519A-4569-A517-7A13F856E08E}.UnrealDebug|Any CPU.ActiveCfg = Debug|Any CPU
		{A8EE9594-519A-4569-A517-7A13F856E08E}.UnrealDebug|Any CPU.Build.0 = Debug|Any CPU
		{A8EE9594-519A-4569-A517-7A13F856E08E}.UnrealDebug|Mixed Platforms.ActiveCfg = Debug|Any CPU
		{A8EE9594-519A-4569-A517-7A13F856E08E}.UnrealDebug|Mixed Platforms.Build.0 = Debug|Any CPU
		{A8EE9594-519A-4569-A517-7A13F856E08E}.UnrealDebug|x86.ActiveCfg = Debug|Any CPU
		{A8EE9594-519A-4569-A517-7A13F856E08E}.UnrealDebug|x86.Build.0 = Debug|Any CPU
		{E0F7BA19-6F37-4FF1-B607-10695D4538A8}.Debug|Any CPU.ActiveCfg = Debug|x86
		{E0F7BA19-6F37-4FF1-B607-10695D4538A8}.Debug|Mixed Platforms.ActiveCfg = Debug|x86
		{E0F7BA19-6F37-4FF1-B607-10695D4538A8}.Debug|Mixed Platforms.Build.0 = Debug|x86
		{E0F7BA19-6F37-4FF1-B607-10695D4538A8}.Debug|x86.ActiveCfg = Debug|x86
		{E0F7BA19-6F37-4FF1-B607-10695D4538A8}.Debug|x86.Build.0 = Debug|x86
		{E0F7BA19-6F37-4FF1-B607-10695D4538A8}.Release|Any CPU.ActiveCfg = Release|x86
		{E0F7BA19-6F37-4FF1-B607-10695D4538A8}.Release|Mixed Platforms.ActiveCfg = Release|x86
		{E0F7BA19-6F37-4FF1-B607-10695D4538A8}.Release|Mixed Platforms.Build.0 = Release|x86
		{E0F7BA19-6F37-4FF1-B607-10695D4538A8}.Release|x86.ActiveCfg = Release|x86
		{E0F7BA19-6F37-4FF1-B607-10695D4538A8}.Release|x86.Build.0 = Release|x86
		{E0F7BA19-6F37-4FF1-B607-10695D4538A8}.UnityDebug|Any CPU.ActiveCfg = Release|x86
		{E0F7BA19-6F37-4FF1-B607-10695D4538A8}.UnityDebug|Any CPU.Build.0 = Release|x86
		{E0F7BA19-6F37-4FF1-B607-10695D4538A8}.UnityDebug|Mixed Platforms.ActiveCfg = Debug|x86
		{E0F7BA19-6F37-4FF1-B607-10695D4538A8}.UnityDebug|Mixed Platforms.Build.0 = Debug|x86
		{E0F7BA19-6F37-4FF1-B607-10695D4538A8}.UnityDebug|x86.ActiveCfg = Debug|x86
		{E0F7BA19-6F37-4FF1-B607-10695D4538A8}.UnityDebug|x86.Build.0 = Debug|x86
		{E0F7BA19-6F37-4FF1-B607-10695D4538A8}.UnrealDebug|Any CPU.ActiveCfg = Release|x86
		{E0F7BA19-6F37-4FF1-B607-10695D4538A8}.UnrealDebug|Any CPU.Build.0 = Release|x86
		{E0F7BA19-6F37-4FF1-B607-10695D4538A8}.UnrealDebug|Mixed Platforms.ActiveCfg = Debug|x86
		{E0F7BA19-6F37-4FF1-B607-10695D4538A8}.UnrealDebug|Mixed Platforms.Build.0 = Debug|x86
		{E0F7BA19-6F37-4FF1-B607-10695D4538A8}.UnrealDebug|x86.ActiveCfg = Debug|x86
		{E0F7BA19-6F37-4FF1-B607-10695D4538A8}.UnrealDebug|x86.Build.0 = Debug|x86
	EndGlobalSection
	GlobalSection(SolutionProperties) = preSolution
		HideSolutionNode = FALSE
	EndGlobalSection
	GlobalSection(MonoDevelopProperties) = preSolution
		StartupItem = Lobby.csproj
	EndGlobalSection
EndGlobal
